# @generated by Move, please check-in and do not edit manually.

[move]
version = 3
manifest_digest = "8CBD4A0EBF3BCE0B4B4C79CCDB951EE378A3D89D118F423D74C94E25721006C2"
deps_digest = "F8BBB0CCB2491CA29A3DF03D6F92277A4F3574266507ACD77214D37ECA3F3082"
dependencies = [
  { id = "Sui", name = "Sui" },
]

[[move.package]]
id = "MoveStdlib"
source = { git = "https://github.com/MystenLabs/sui.git", rev = "framework/localnet", subdir = "crates\\sui-framework\\packages\\move-stdlib" }

[[move.package]]
id = "Sui"
source = { git = "https://github.com/MystenLabs/sui.git", rev = "framework/localnet", subdir = "crates/sui-framework/packages/sui-framework" }

dependencies = [
  { id = "MoveStdlib", name = "MoveStdlib" },
]

[move.toolchain-version]
compiler-version = "1.39.3"
edition = "2024.beta"
flavor = "sui"

[env]

[env.local]
chain-id = "f6e77fc0"
original-published-id = "0x5c8841624e5a131476030622df3b0fa88f02f401d73e2bdba0c56450d9c4c467"
latest-published-id = "0x5c8841624e5a131476030622df3b0fa88f02f401d73e2bdba0c56450d9c4c467"
published-version = "1"
