# @generated by Move, please check-in and do not edit manually.

[move]
version = 3
manifest_digest = "014C3E703E7F03E3E8F723AC997BDE0A2C0F10093D710B16483E16982BF3B3C2"
deps_digest = "F8BBB0CCB2491CA29A3DF03D6F92277A4F3574266507ACD77214D37ECA3F3082"
dependencies = [
  { id = "Sui", name = "Sui" },
]

[[move.package]]
id = "MoveStdlib"
source = { git = "https://github.com/MystenLabs/sui.git", rev = "framework/localnet", subdir = "crates\\sui-framework\\packages\\move-stdlib" }

[[move.package]]
id = "Sui"
source = { git = "https://github.com/MystenLabs/sui.git", rev = "framework/localnet", subdir = "crates/sui-framework/packages/sui-framework" }

dependencies = [
  { id = "MoveStdlib", name = "MoveStdlib" },
]

[move.toolchain-version]
compiler-version = "1.39.3"
edition = "2024.beta"
flavor = "sui"

[env]

[env.local]
chain-id = "26d236ae"
original-published-id = "0x7eccee10b4347cbf59e24247c61836f6de707d3c216a3d298da7431e40b723dd"
latest-published-id = "0x7eccee10b4347cbf59e24247c61836f6de707d3c216a3d298da7431e40b723dd"
published-version = "1"
